
Microsoft Visual Studio Solution File, Format Version 12.00
# Visual Studio 14
VisualStudioVersion = 14.0.25123.0
MinimumVisualStudioVersion = 10.0.40219.1
Project("{FAE04EC0-301F-11D3-BF4B-00C04F79EFBC}") = "WebLearnCli", "WebLearnCli\WebLearnCli.csproj", "{1AB66CE8-2A90-4556-9000-C8F194FA99CF}"
EndProject
Project("{FAE04EC0-301F-11D3-BF4B-00C04F79EFBC}") = "WebLearnEntities", "WebLearnEntities\WebLearnEntities.csproj", "{71E79BD7-7129-4608-8919-4BA50D34E79C}"
EndProject
Project("{FAE04EC0-301F-11D3-BF4B-00C04F79EFBC}") = "WebLearnOld", "WebLearnOld\WebLearnOld.csproj", "{014525AE-1CDA-40F1-85A0-A25C90018F18}"
EndProject
Project("{FAE04EC0-301F-11D3-BF4B-00C04F79EFBC}") = "WebLearnNew", "WebLearnNew\WebLearnNew.csproj", "{98BC1241-ED4C-4A5E-8872-7917B2B879D0}"
EndProject
Global
	GlobalSection(SolutionConfigurationPlatforms) = preSolution
		Debug|Any CPU = Debug|Any CPU
		Release|Any CPU = Release|Any CPU
	EndGlobalSection
	GlobalSection(ProjectConfigurationPlatforms) = postSolution
		{1AB66CE8-2A90-4556-9000-C8F194FA99CF}.Debug|Any CPU.ActiveCfg = Debug|Any CPU
		{1AB66CE8-2A90-4556-9000-C8F194FA99CF}.Debug|Any CPU.Build.0 = Debug|Any CPU
		{1AB66CE8-2A90-4556-9000-C8F194FA99CF}.Release|Any CPU.ActiveCfg = Release|Any CPU
		{1AB66CE8-2A90-4556-9000-C8F194FA99CF}.Release|Any CPU.Build.0 = Release|Any CPU
		{71E79BD7-7129-4608-8919-4BA50D34E79C}.Debug|Any CPU.ActiveCfg = Debug|Any CPU
		{71E79BD7-7129-4608-8919-4BA50D34E79C}.Debug|Any CPU.Build.0 = Debug|Any CPU
		{71E79BD7-7129-4608-8919-4BA50D34E79C}.Release|Any CPU.ActiveCfg = Release|Any CPU
		{71E79BD7-7129-4608-8919-4BA50D34E79C}.Release|Any CPU.Build.0 = Release|Any CPU
		{014525AE-1CDA-40F1-85A0-A25C90018F18}.Debug|Any CPU.ActiveCfg = Debug|Any CPU
		{014525AE-1CDA-40F1-85A0-A25C90018F18}.Debug|Any CPU.Build.0 = Debug|Any CPU
		{014525AE-1CDA-40F1-85A0-A25C90018F18}.Release|Any CPU.ActiveCfg = Release|Any CPU
		{014525AE-1CDA-40F1-85A0-A25C90018F18}.Release|Any CPU.Build.0 = Release|Any CPU
		{98BC1241-ED4C-4A5E-8872-7917B2B879D0}.Debug|Any CPU.ActiveCfg = Debug|Any CPU
		{98BC1241-ED4C-4A5E-8872-7917B2B879D0}.Debug|Any CPU.Build.0 = Debug|Any CPU
		{98BC1241-ED4C-4A5E-8872-7917B2B879D0}.Release|Any CPU.ActiveCfg = Release|Any CPU
		{98BC1241-ED4C-4A5E-8872-7917B2B879D0}.Release|Any CPU.Build.0 = Release|Any CPU
	EndGlobalSection
	GlobalSection(SolutionProperties) = preSolution
		HideSolutionNode = FALSE
	EndGlobalSection
EndGlobal
